// !$*UTF8*$!
{
	archiveVersion = 1;
	classes = {
	};
	objectVersion = 56;
	objects = {

/* Begin PBXBuildFile section */
		DE16C6F729870FDC0081FA2D /* Stream.swift in Sources */ = {isa = PBXBuildFile; fileRef = DE16C6F629870FDC0081FA2D /* Stream.swift */; };
		DE221CBA29C645AF00CF53A1 /* Joint in Frameworks */ = {isa = PBXBuildFile; productRef = DE221CB929C645AF00CF53A1 /* Joint */; };
		DEA2C5EF294E4FCA00771C2F /* StreamingView.swift in Sources */ = {isa = PBXBuildFile; fileRef = DEA2C5EE294E4FCA00771C2F /* StreamingView.swift */; };
		DEA2C5F1294E4FE400771C2F /* WatchingView.swift in Sources */ = {isa = PBXBuildFile; fileRef = DEA2C5F0294E4FE400771C2F /* WatchingView.swift */; };
		DEA2C5F4294E584200771C2F /* CGImage.swift in Sources */ = {isa = PBXBuildFile; fileRef = DEA2C5F3294E584200771C2F /* CGImage.swift */; };
		DEA2C5F7294E595500771C2F /* StreamingViewModel.swift in Sources */ = {isa = PBXBuildFile; fileRef = DEA2C5F6294E595500771C2F /* StreamingViewModel.swift */; };
		DEA2C5F9294F9A3F00771C2F /* Broker.swift in Sources */ = {isa = PBXBuildFile; fileRef = DEA2C5F8294F9A3F00771C2F /* Broker.swift */; };
		DEC4B0792952552C00289F49 /* README.md in Resources */ = {isa = PBXBuildFile; fileRef = DEC4B0782952552C00289F49 /* README.md */; };
		DED21FA02948C72500C2A168 /* JointSampleApp.swift in Sources */ = {isa = PBXBuildFile; fileRef = DED21F9F2948C72500C2A168 /* JointSampleApp.swift */; };
		DED21FA42948C72700C2A168 /* Assets.xcassets in Resources */ = {isa = PBXBuildFile; fileRef = DED21FA32948C72700C2A168 /* Assets.xcassets */; };
		DED21FA82948C72700C2A168 /* Preview Assets.xcassets in Resources */ = {isa = PBXBuildFile; fileRef = DED21FA72948C72700C2A168 /* Preview Assets.xcassets */; };
		DED21FB22948C72700C2A168 /* JointSampleTests.swift in Sources */ = {isa = PBXBuildFile; fileRef = DED21FB12948C72700C2A168 /* JointSampleTests.swift */; };
		DED21FBC2948C72700C2A168 /* JointSampleUITests.swift in Sources */ = {isa = PBXBuildFile; fileRef = DED21FBB2948C72700C2A168 /* JointSampleUITests.swift */; };
		DED21FBE2948C72700C2A168 /* JointSampleUITestsLaunchTests.swift in Sources */ = {isa = PBXBuildFile; fileRef = DED21FBD2948C72700C2A168 /* JointSampleUITestsLaunchTests.swift */; };
		DED21FCB2948CEF500C2A168 /* ChooseModeView.swift in Sources */ = {isa = PBXBuildFile; fileRef = DED21FCA2948CEF500C2A168 /* ChooseModeView.swift */; };
		DED21FCC2948CEF500C2A168 /* ChooseModeView.swift in Sources */ = {isa = PBXBuildFile; fileRef = DED21FCA2948CEF500C2A168 /* ChooseModeView.swift */; };
		DED21FD32948D3CF00C2A168 /* CameraErrors.swift in Sources */ = {isa = PBXBuildFile; fileRef = DED21FD22948D3CF00C2A168 /* CameraErrors.swift */; };
		DED21FD42948D3CF00C2A168 /* CameraErrors.swift in Sources */ = {isa = PBXBuildFile; fileRef = DED21FD22948D3CF00C2A168 /* CameraErrors.swift */; };
		DED21FD92948D6B200C2A168 /* Session.swift in Sources */ = {isa = PBXBuildFile; fileRef = DED21FD82948D6B200C2A168 /* Session.swift */; };
		DED21FDA2948D6B200C2A168 /* Session.swift in Sources */ = {isa = PBXBuildFile; fileRef = DED21FD82948D6B200C2A168 /* Session.swift */; };
		DEEB7D6929577B810003B378 /* StreamingControlView.swift in Sources */ = {isa = PBXBuildFile; fileRef = DEEB7D6829577B810003B378 /* StreamingControlView.swift */; };
		DEEB7D6B2958C54B0003B378 /* Configuration.swift in Sources */ = {isa = PBXBuildFile; fileRef = DEEB7D6A2958C54B0003B378 /* Configuration.swift */; };
/* End PBXBuildFile section */

/* Begin PBXContainerItemProxy section */
		DED21FAE2948C72700C2A168 /* PBXContainerItemProxy */ = {
			isa = PBXContainerItemProxy;
			containerPortal = DED21F942948C72500C2A168 /* Project object */;
			proxyType = 1;
			remoteGlobalIDString = DED21F9B2948C72500C2A168;
			remoteInfo = JointSample;
		};
		DED21FB82948C72700C2A168 /* PBXContainerItemProxy */ = {
			isa = PBXContainerItemProxy;
			containerPortal = DED21F942948C72500C2A168 /* Project object */;
			proxyType = 1;
			remoteGlobalIDString = DED21F9B2948C72500C2A168;
			remoteInfo = JointSample;
		};
/* End PBXContainerItemProxy section */

/* Begin PBXFileReference section */
		DE16C6F629870FDC0081FA2D /* Stream.swift */ = {isa = PBXFileReference; lastKnownFileType = sourcecode.swift; path = Stream.swift; sourceTree = "<group>"; };
		DEA2C5EE294E4FCA00771C2F /* StreamingView.swift */ = {isa = PBXFileReference; lastKnownFileType = sourcecode.swift; path = StreamingView.swift; sourceTree = "<group>"; };
		DEA2C5F0294E4FE400771C2F /* WatchingView.swift */ = {isa = PBXFileReference; lastKnownFileType = sourcecode.swift; path = WatchingView.swift; sourceTree = "<group>"; };
		DEA2C5F3294E584200771C2F /* CGImage.swift */ = {isa = PBXFileReference; lastKnownFileType = sourcecode.swift; path = CGImage.swift; sourceTree = "<group>"; };
		DEA2C5F6294E595500771C2F /* StreamingViewModel.swift */ = {isa = PBXFileReference; lastKnownFileType = sourcecode.swift; path = StreamingViewModel.swift; sourceTree = "<group>"; };
		DEA2C5F8294F9A3F00771C2F /* Broker.swift */ = {isa = PBXFileReference; lastKnownFileType = sourcecode.swift; path = Broker.swift; sourceTree = "<group>"; };
		DEC4B0782952552C00289F49 /* README.md */ = {isa = PBXFileReference; fileEncoding = 4; lastKnownFileType = net.daringfireball.markdown; path = README.md; sourceTree = "<group>"; };
		DED21F9C2948C72500C2A168 /* joint-sample-streaming.app */ = {isa = PBXFileReference; explicitFileType = wrapper.application; includeInIndex = 0; path = "joint-sample-streaming.app"; sourceTree = BUILT_PRODUCTS_DIR; };
		DED21F9F2948C72500C2A168 /* JointSampleApp.swift */ = {isa = PBXFileReference; lastKnownFileType = sourcecode.swift; path = JointSampleApp.swift; sourceTree = "<group>"; };
		DED21FA32948C72700C2A168 /* Assets.xcassets */ = {isa = PBXFileReference; lastKnownFileType = folder.assetcatalog; path = Assets.xcassets; sourceTree = "<group>"; };
		DED21FA52948C72700C2A168 /* JointSample.entitlements */ = {isa = PBXFileReference; lastKnownFileType = text.plist.entitlements; path = JointSample.entitlements; sourceTree = "<group>"; };
		DED21FA72948C72700C2A168 /* Preview Assets.xcassets */ = {isa = PBXFileReference; lastKnownFileType = folder.assetcatalog; path = "Preview Assets.xcassets"; sourceTree = "<group>"; };
		DED21FAD2948C72700C2A168 /* joint-sample-streamingTests.xctest */ = {isa = PBXFileReference; explicitFileType = wrapper.cfbundle; includeInIndex = 0; path = "joint-sample-streamingTests.xctest"; sourceTree = BUILT_PRODUCTS_DIR; };
		DED21FB12948C72700C2A168 /* JointSampleTests.swift */ = {isa = PBXFileReference; lastKnownFileType = sourcecode.swift; path = JointSampleTests.swift; sourceTree = "<group>"; };
		DED21FB72948C72700C2A168 /* joint-sample-streamingUITests.xctest */ = {isa = PBXFileReference; explicitFileType = wrapper.cfbundle; includeInIndex = 0; path = "joint-sample-streamingUITests.xctest"; sourceTree = BUILT_PRODUCTS_DIR; };
		DED21FBB2948C72700C2A168 /* JointSampleUITests.swift */ = {isa = PBXFileReference; lastKnownFileType = sourcecode.swift; path = JointSampleUITests.swift; sourceTree = "<group>"; };
		DED21FBD2948C72700C2A168 /* JointSampleUITestsLaunchTests.swift */ = {isa = PBXFileReference; lastKnownFileType = sourcecode.swift; path = JointSampleUITestsLaunchTests.swift; sourceTree = "<group>"; };
		DED21FCA2948CEF500C2A168 /* ChooseModeView.swift */ = {isa = PBXFileReference; lastKnownFileType = sourcecode.swift; path = ChooseModeView.swift; sourceTree = "<group>"; };
		DED21FD22948D3CF00C2A168 /* CameraErrors.swift */ = {isa = PBXFileReference; lastKnownFileType = sourcecode.swift; path = CameraErrors.swift; sourceTree = "<group>"; };
		DED21FD82948D6B200C2A168 /* Session.swift */ = {isa = PBXFileReference; lastKnownFileType = sourcecode.swift; path = Session.swift; sourceTree = "<group>"; };
		DEEB7D6829577B810003B378 /* StreamingControlView.swift */ = {isa = PBXFileReference; lastKnownFileType = sourcecode.swift; path = StreamingControlView.swift; sourceTree = "<group>"; };
		DEEB7D6A2958C54B0003B378 /* Configuration.swift */ = {isa = PBXFileReference; lastKnownFileType = sourcecode.swift; path = Configuration.swift; sourceTree = "<group>"; };
/* End PBXFileReference section */

/* Begin PBXFrameworksBuildPhase section */
		DED21F992948C72500C2A168 /* Frameworks */ = {
			isa = PBXFrameworksBuildPhase;
			buildActionMask = 2147483647;
			files = (
				DE221CBA29C645AF00CF53A1 /* Joint in Frameworks */,
			);
			runOnlyForDeploymentPostprocessing = 0;
		};
		DED21FAA2948C72700C2A168 /* Frameworks */ = {
			isa = PBXFrameworksBuildPhase;
			buildActionMask = 2147483647;
			files = (
			);
			runOnlyForDeploymentPostprocessing = 0;
		};
		DED21FB42948C72700C2A168 /* Frameworks */ = {
			isa = PBXFrameworksBuildPhase;
			buildActionMask = 2147483647;
			files = (
			);
			runOnlyForDeploymentPostprocessing = 0;
		};
/* End PBXFrameworksBuildPhase section */

/* Begin PBXGroup section */
		DE16C6F529870FCA0081FA2D /* Data */ = {
			isa = PBXGroup;
			children = (
				DE16C6F629870FDC0081FA2D /* Stream.swift */,
			);
			path = Data;
			sourceTree = "<group>";
		};
		DE4E0E3E29981763003A65AC /* Watching */ = {
			isa = PBXGroup;
			children = (
				DEA2C5F0294E4FE400771C2F /* WatchingView.swift */,
			);
			path = Watching;
			sourceTree = "<group>";
		};
		DEA2C5F2294E583000771C2F /* Extensions */ = {
			isa = PBXGroup;
			children = (
				DEA2C5F3294E584200771C2F /* CGImage.swift */,
			);
			path = Extensions;
			sourceTree = "<group>";
		};
		DEA2C5F5294E593100771C2F /* Streaming */ = {
			isa = PBXGroup;
			children = (
				DEEB7D6829577B810003B378 /* StreamingControlView.swift */,
				DEA2C5EE294E4FCA00771C2F /* StreamingView.swift */,
				DEA2C5F6294E595500771C2F /* StreamingViewModel.swift */,
			);
			path = Streaming;
			sourceTree = "<group>";
		};
		DED21F932948C72500C2A168 = {
			isa = PBXGroup;
			children = (
				DEC4B0782952552C00289F49 /* README.md */,
				DED21F9E2948C72500C2A168 /* joint-sample-streaming */,
				DED21FB02948C72700C2A168 /* JointSampleTests */,
				DED21FBA2948C72700C2A168 /* JointSampleUITests */,
				DED21F9D2948C72500C2A168 /* Products */,
			);
			sourceTree = "<group>";
		};
		DED21F9D2948C72500C2A168 /* Products */ = {
			isa = PBXGroup;
			children = (
				DED21F9C2948C72500C2A168 /* joint-sample-streaming.app */,
				DED21FAD2948C72700C2A168 /* joint-sample-streamingTests.xctest */,
				DED21FB72948C72700C2A168 /* joint-sample-streamingUITests.xctest */,
			);
			name = Products;
			sourceTree = "<group>";
		};
		DED21F9E2948C72500C2A168 /* joint-sample-streaming */ = {
			isa = PBXGroup;
			children = (
				DED21FA32948C72700C2A168 /* Assets.xcassets */,
				DED21FA52948C72700C2A168 /* JointSample.entitlements */,
				DED21F9F2948C72500C2A168 /* JointSampleApp.swift */,
				DED21FA62948C72700C2A168 /* Preview Content */,
				DED21FD12948D2CB00C2A168 /* Sources */,
				DED21FDE2948DACE00C2A168 /* UI */,
			);
			path = "joint-sample-streaming";
			sourceTree = "<group>";
		};
		DED21FA62948C72700C2A168 /* Preview Content */ = {
			isa = PBXGroup;
			children = (
				DED21FA72948C72700C2A168 /* Preview Assets.xcassets */,
			);
			path = "Preview Content";
			sourceTree = "<group>";
		};
		DED21FB02948C72700C2A168 /* JointSampleTests */ = {
			isa = PBXGroup;
			children = (
				DED21FB12948C72700C2A168 /* JointSampleTests.swift */,
			);
			path = JointSampleTests;
			sourceTree = "<group>";
		};
		DED21FBA2948C72700C2A168 /* JointSampleUITests */ = {
			isa = PBXGroup;
			children = (
				DED21FBB2948C72700C2A168 /* JointSampleUITests.swift */,
				DED21FBD2948C72700C2A168 /* JointSampleUITestsLaunchTests.swift */,
			);
			path = JointSampleUITests;
			sourceTree = "<group>";
		};
		DED21FCD2948D27A00C2A168 /* Camera */ = {
			isa = PBXGroup;
			children = (
				DED21FCE2948D28400C2A168 /* Errors */,
			);
			path = Camera;
			sourceTree = "<group>";
		};
		DED21FCE2948D28400C2A168 /* Errors */ = {
			isa = PBXGroup;
			children = (
				DED21FD22948D3CF00C2A168 /* CameraErrors.swift */,
			);
			path = Errors;
			sourceTree = "<group>";
		};
		DED21FCF2948D29A00C2A168 /* Session */ = {
			isa = PBXGroup;
			children = (
				DEA2C5F8294F9A3F00771C2F /* Broker.swift */,
				DEEB7D6A2958C54B0003B378 /* Configuration.swift */,
				DED21FD82948D6B200C2A168 /* Session.swift */,
				DED21FD02948D2A000C2A168 /* Errors */,
			);
			path = Session;
			sourceTree = "<group>";
		};
		DED21FD02948D2A000C2A168 /* Errors */ = {
			isa = PBXGroup;
			children = (
			);
			path = Errors;
			sourceTree = "<group>";
		};
		DED21FD12948D2CB00C2A168 /* Sources */ = {
			isa = PBXGroup;
			children = (
				DE16C6F529870FCA0081FA2D /* Data */,
				DEA2C5F2294E583000771C2F /* Extensions */,
				DED21FCD2948D27A00C2A168 /* Camera */,
				DED21FCF2948D29A00C2A168 /* Session */,
			);
			path = Sources;
			sourceTree = "<group>";
		};
		DED21FDE2948DACE00C2A168 /* UI */ = {
			isa = PBXGroup;
			children = (
				DED21FCA2948CEF500C2A168 /* ChooseModeView.swift */,
				DEA2C5F5294E593100771C2F /* Streaming */,
				DE4E0E3E29981763003A65AC /* Watching */,
			);
			path = UI;
			sourceTree = "<group>";
		};
/* End PBXGroup section */

/* Begin PBXNativeTarget section */
		DED21F9B2948C72500C2A168 /* joint-sample-streaming */ = {
			isa = PBXNativeTarget;
			buildConfigurationList = DED21FC12948C72700C2A168 /* Build configuration list for PBXNativeTarget "joint-sample-streaming" */;
			buildPhases = (
				DED21F982948C72500C2A168 /* Sources */,
				DED21F992948C72500C2A168 /* Frameworks */,
				DED21F9A2948C72500C2A168 /* Resources */,
			);
			buildRules = (
			);
			dependencies = (
			);
			name = "joint-sample-streaming";
			packageProductDependencies = (
				DE221CB929C645AF00CF53A1 /* Joint */,
			);
			productName = JointSample;
			productReference = DED21F9C2948C72500C2A168 /* joint-sample-streaming.app */;
			productType = "com.apple.product-type.application";
		};
		DED21FAC2948C72700C2A168 /* joint-sample-streamingTests */ = {
			isa = PBXNativeTarget;
			buildConfigurationList = DED21FC42948C72700C2A168 /* Build configuration list for PBXNativeTarget "joint-sample-streamingTests" */;
			buildPhases = (
				DED21FA92948C72700C2A168 /* Sources */,
				DED21FAA2948C72700C2A168 /* Frameworks */,
				DED21FAB2948C72700C2A168 /* Resources */,
			);
			buildRules = (
			);
			dependencies = (
				DED21FAF2948C72700C2A168 /* PBXTargetDependency */,
			);
			name = "joint-sample-streamingTests";
			productName = JointSampleTests;
			productReference = DED21FAD2948C72700C2A168 /* joint-sample-streamingTests.xctest */;
			productType = "com.apple.product-type.bundle.unit-test";
		};
		DED21FB62948C72700C2A168 /* joint-sample-streamingUITests */ = {
			isa = PBXNativeTarget;
			buildConfigurationList = DED21FC72948C72700C2A168 /* Build configuration list for PBXNativeTarget "joint-sample-streamingUITests" */;
			buildPhases = (
				DED21FB32948C72700C2A168 /* Sources */,
				DED21FB42948C72700C2A168 /* Frameworks */,
				DED21FB52948C72700C2A168 /* Resources */,
			);
			buildRules = (
			);
			dependencies = (
				DED21FB92948C72700C2A168 /* PBXTargetDependency */,
			);
			name = "joint-sample-streamingUITests";
			productName = JointSampleUITests;
			productReference = DED21FB72948C72700C2A168 /* joint-sample-streamingUITests.xctest */;
			productType = "com.apple.product-type.bundle.ui-testing";
		};
/* End PBXNativeTarget section */

/* Begin PBXProject section */
		DED21F942948C72500C2A168 /* Project object */ = {
			isa = PBXProject;
			attributes = {
				BuildIndependentTargetsInParallel = 1;
				LastSwiftUpdateCheck = 1410;
				LastUpgradeCheck = 1410;
				TargetAttributes = {
					DED21F9B2948C72500C2A168 = {
						CreatedOnToolsVersion = 14.1;
					};
					DED21FAC2948C72700C2A168 = {
						CreatedOnToolsVersion = 14.1;
						TestTargetID = DED21F9B2948C72500C2A168;
					};
					DED21FB62948C72700C2A168 = {
						CreatedOnToolsVersion = 14.1;
						TestTargetID = DED21F9B2948C72500C2A168;
					};
				};
			};
			buildConfigurationList = DED21F972948C72500C2A168 /* Build configuration list for PBXProject "joint-sample-streaming" */;
			compatibilityVersion = "Xcode 14.0";
			developmentRegion = en;
			hasScannedForEncodings = 0;
			knownRegions = (
				en,
				Base,
			);
			mainGroup = DED21F932948C72500C2A168;
			packageReferences = (
				DE221CB829C645AF00CF53A1 /* XCRemoteSwiftPackageReference "joint-v2" */,
			);
			productRefGroup = DED21F9D2948C72500C2A168 /* Products */;
			projectDirPath = "";
			projectRoot = "";
			targets = (
				DED21F9B2948C72500C2A168 /* joint-sample-streaming */,
				DED21FAC2948C72700C2A168 /* joint-sample-streamingTests */,
				DED21FB62948C72700C2A168 /* joint-sample-streamingUITests */,
			);
		};
/* End PBXProject section */

/* Begin PBXResourcesBuildPhase section */
		DED21F9A2948C72500C2A168 /* Resources */ = {
			isa = PBXResourcesBuildPhase;
			buildActionMask = 2147483647;
			files = (
				DEC4B0792952552C00289F49 /* README.md in Resources */,
				DED21FA82948C72700C2A168 /* Preview Assets.xcassets in Resources */,
				DED21FA42948C72700C2A168 /* Assets.xcassets in Resources */,
			);
			runOnlyForDeploymentPostprocessing = 0;
		};
		DED21FAB2948C72700C2A168 /* Resources */ = {
			isa = PBXResourcesBuildPhase;
			buildActionMask = 2147483647;
			files = (
			);
			runOnlyForDeploymentPostprocessing = 0;
		};
		DED21FB52948C72700C2A168 /* Resources */ = {
			isa = PBXResourcesBuildPhase;
			buildActionMask = 2147483647;
			files = (
			);
			runOnlyForDeploymentPostprocessing = 0;
		};
/* End PBXResourcesBuildPhase section */

/* Begin PBXSourcesBuildPhase section */
		DED21F982948C72500C2A168 /* Sources */ = {
			isa = PBXSourcesBuildPhase;
			buildActionMask = 2147483647;
			files = (
				DED21FD92948D6B200C2A168 /* Session.swift in Sources */,
				DEA2C5F7294E595500771C2F /* StreamingViewModel.swift in Sources */,
				DED21FD32948D3CF00C2A168 /* CameraErrors.swift in Sources */,
				DEEB7D6929577B810003B378 /* StreamingControlView.swift in Sources */,
				DEA2C5EF294E4FCA00771C2F /* StreamingView.swift in Sources */,
				DED21FA02948C72500C2A168 /* JointSampleApp.swift in Sources */,
				DEA2C5F4294E584200771C2F /* CGImage.swift in Sources */,
				DE16C6F729870FDC0081FA2D /* Stream.swift in Sources */,
				DED21FCB2948CEF500C2A168 /* ChooseModeView.swift in Sources */,
				DEA2C5F9294F9A3F00771C2F /* Broker.swift in Sources */,
				DEA2C5F1294E4FE400771C2F /* WatchingView.swift in Sources */,
				DEEB7D6B2958C54B0003B378 /* Configuration.swift in Sources */,
			);
			runOnlyForDeploymentPostprocessing = 0;
		};
		DED21FA92948C72700C2A168 /* Sources */ = {
			isa = PBXSourcesBuildPhase;
			buildActionMask = 2147483647;
			files = (
				DED21FDA2948D6B200C2A168 /* Session.swift in Sources */,
				DED21FD42948D3CF00C2A168 /* CameraErrors.swift in Sources */,
				DED21FB22948C72700C2A168 /* JointSampleTests.swift in Sources */,
				DED21FCC2948CEF500C2A168 /* ChooseModeView.swift in Sources */,
			);
			runOnlyForDeploymentPostprocessing = 0;
		};
		DED21FB32948C72700C2A168 /* Sources */ = {
			isa = PBXSourcesBuildPhase;
			buildActionMask = 2147483647;
			files = (
				DED21FBC2948C72700C2A168 /* JointSampleUITests.swift in Sources */,
				DED21FBE2948C72700C2A168 /* JointSampleUITestsLaunchTests.swift in Sources */,
			);
			runOnlyForDeploymentPostprocessing = 0;
		};
/* End PBXSourcesBuildPhase section */

/* Begin PBXTargetDependency section */
		DED21FAF2948C72700C2A168 /* PBXTargetDependency */ = {
			isa = PBXTargetDependency;
			target = DED21F9B2948C72500C2A168 /* joint-sample-streaming */;
			targetProxy = DED21FAE2948C72700C2A168 /* PBXContainerItemProxy */;
		};
		DED21FB92948C72700C2A168 /* PBXTargetDependency */ = {
			isa = PBXTargetDependency;
			target = DED21F9B2948C72500C2A168 /* joint-sample-streaming */;
			targetProxy = DED21FB82948C72700C2A168 /* PBXContainerItemProxy */;
		};
/* End PBXTargetDependency section */

/* Begin XCBuildConfiguration section */
		DED21FBF2948C72700C2A168 /* Debug */ = {
			isa = XCBuildConfiguration;
			buildSettings = {
				ALWAYS_SEARCH_USER_PATHS = NO;
				CLANG_ANALYZER_NONNULL = YES;
				CLANG_ANALYZER_NUMBER_OBJECT_CONVERSION = YES_AGGRESSIVE;
				CLANG_CXX_LANGUAGE_STANDARD = "gnu++20";
				CLANG_ENABLE_MODULES = YES;
				CLANG_ENABLE_OBJC_ARC = YES;
				CLANG_ENABLE_OBJC_WEAK = YES;
				CLANG_WARN_BLOCK_CAPTURE_AUTORELEASING = YES;
				CLANG_WARN_BOOL_CONVERSION = YES;
				CLANG_WARN_COMMA = YES;
				CLANG_WARN_CONSTANT_CONVERSION = YES;
				CLANG_WARN_DEPRECATED_OBJC_IMPLEMENTATIONS = YES;
				CLANG_WARN_DIRECT_OBJC_ISA_USAGE = YES_ERROR;
				CLANG_WARN_DOCUMENTATION_COMMENTS = YES;
				CLANG_WARN_EMPTY_BODY = YES;
				CLANG_WARN_ENUM_CONVERSION = YES;
				CLANG_WARN_INFINITE_RECURSION = YES;
				CLANG_WARN_INT_CONVERSION = YES;
				CLANG_WARN_NON_LITERAL_NULL_CONVERSION = YES;
				CLANG_WARN_OBJC_IMPLICIT_RETAIN_SELF = YES;
				CLANG_WARN_OBJC_LITERAL_CONVERSION = YES;
				CLANG_WARN_OBJC_ROOT_CLASS = YES_ERROR;
				CLANG_WARN_QUOTED_INCLUDE_IN_FRAMEWORK_HEADER = YES;
				CLANG_WARN_RANGE_LOOP_ANALYSIS = YES;
				CLANG_WARN_STRICT_PROTOTYPES = YES;
				CLANG_WARN_SUSPICIOUS_MOVE = YES;
				CLANG_WARN_UNGUARDED_AVAILABILITY = YES_AGGRESSIVE;
				CLANG_WARN_UNREACHABLE_CODE = YES;
				CLANG_WARN__DUPLICATE_METHOD_MATCH = YES;
				COPY_PHASE_STRIP = NO;
				DEBUG_INFORMATION_FORMAT = dwarf;
				ENABLE_STRICT_OBJC_MSGSEND = YES;
				ENABLE_TESTABILITY = YES;
				GCC_C_LANGUAGE_STANDARD = gnu11;
				GCC_DYNAMIC_NO_PIC = NO;
				GCC_NO_COMMON_BLOCKS = YES;
				GCC_OPTIMIZATION_LEVEL = 0;
				GCC_PREPROCESSOR_DEFINITIONS = (
					"DEBUG=1",
					"$(inherited)",
				);
				GCC_WARN_64_TO_32_BIT_CONVERSION = YES;
				GCC_WARN_ABOUT_RETURN_TYPE = YES_ERROR;
				GCC_WARN_UNDECLARED_SELECTOR = YES;
				GCC_WARN_UNINITIALIZED_AUTOS = YES_AGGRESSIVE;
				GCC_WARN_UNUSED_FUNCTION = YES;
				GCC_WARN_UNUSED_VARIABLE = YES;
				MTL_ENABLE_DEBUG_INFO = INCLUDE_SOURCE;
				MTL_FAST_MATH = YES;
				ONLY_ACTIVE_ARCH = YES;
				SWIFT_ACTIVE_COMPILATION_CONDITIONS = DEBUG;
				SWIFT_OPTIMIZATION_LEVEL = "-Onone";
			};
			name = Debug;
		};
		DED21FC02948C72700C2A168 /* Release */ = {
			isa = XCBuildConfiguration;
			buildSettings = {
				ALWAYS_SEARCH_USER_PATHS = NO;
				CLANG_ANALYZER_NONNULL = YES;
				CLANG_ANALYZER_NUMBER_OBJECT_CONVERSION = YES_AGGRESSIVE;
				CLANG_CXX_LANGUAGE_STANDARD = "gnu++20";
				CLANG_ENABLE_MODULES = YES;
				CLANG_ENABLE_OBJC_ARC = YES;
				CLANG_ENABLE_OBJC_WEAK = YES;
				CLANG_WARN_BLOCK_CAPTURE_AUTORELEASING = YES;
				CLANG_WARN_BOOL_CONVERSION = YES;
				CLANG_WARN_COMMA = YES;
				CLANG_WARN_CONSTANT_CONVERSION = YES;
				CLANG_WARN_DEPRECATED_OBJC_IMPLEMENTATIONS = YES;
				CLANG_WARN_DIRECT_OBJC_ISA_USAGE = YES_ERROR;
				CLANG_WARN_DOCUMENTATION_COMMENTS = YES;
				CLANG_WARN_EMPTY_BODY = YES;
				CLANG_WARN_ENUM_CONVERSION = YES;
				CLANG_WARN_INFINITE_RECURSION = YES;
				CLANG_WARN_INT_CONVERSION = YES;
				CLANG_WARN_NON_LITERAL_NULL_CONVERSION = YES;
				CLANG_WARN_OBJC_IMPLICIT_RETAIN_SELF = YES;
				CLANG_WARN_OBJC_LITERAL_CONVERSION = YES;
				CLANG_WARN_OBJC_ROOT_CLASS = YES_ERROR;
				CLANG_WARN_QUOTED_INCLUDE_IN_FRAMEWORK_HEADER = YES;
				CLANG_WARN_RANGE_LOOP_ANALYSIS = YES;
				CLANG_WARN_STRICT_PROTOTYPES = YES;
				CLANG_WARN_SUSPICIOUS_MOVE = YES;
				CLANG_WARN_UNGUARDED_AVAILABILITY = YES_AGGRESSIVE;
				CLANG_WARN_UNREACHABLE_CODE = YES;
				CLANG_WARN__DUPLICATE_METHOD_MATCH = YES;
				COPY_PHASE_STRIP = NO;
				DEBUG_INFORMATION_FORMAT = "dwarf-with-dsym";
				ENABLE_NS_ASSERTIONS = NO;
				ENABLE_STRICT_OBJC_MSGSEND = YES;
				GCC_C_LANGUAGE_STANDARD = gnu11;
				GCC_NO_COMMON_BLOCKS = YES;
				GCC_WARN_64_TO_32_BIT_CONVERSION = YES;
				GCC_WARN_ABOUT_RETURN_TYPE = YES_ERROR;
				GCC_WARN_UNDECLARED_SELECTOR = YES;
				GCC_WARN_UNINITIALIZED_AUTOS = YES_AGGRESSIVE;
				GCC_WARN_UNUSED_FUNCTION = YES;
				GCC_WARN_UNUSED_VARIABLE = YES;
				MTL_ENABLE_DEBUG_INFO = NO;
				MTL_FAST_MATH = YES;
				SWIFT_COMPILATION_MODE = wholemodule;
				SWIFT_OPTIMIZATION_LEVEL = "-O";
			};
			name = Release;
		};
		DED21FC22948C72700C2A168 /* Debug */ = {
			isa = XCBuildConfiguration;
			buildSettings = {
				ASSETCATALOG_COMPILER_APPICON_NAME = AppIcon;
				ASSETCATALOG_COMPILER_GLOBAL_ACCENT_COLOR_NAME = AccentColor;
				CODE_SIGN_ENTITLEMENTS = "joint-sample-streaming/JointSample.entitlements";
				"CODE_SIGN_IDENTITY[sdk=macosx*]" = "Apple Development";
				CODE_SIGN_STYLE = Automatic;
				CURRENT_PROJECT_VERSION = 1;
				DEVELOPMENT_ASSET_PATHS = "\"joint-sample-streaming/Preview Content\"";
				DEVELOPMENT_TEAM = R6F5KHKKNX;
				ENABLE_HARDENED_RUNTIME = YES;
				ENABLE_PREVIEWS = YES;
				GENERATE_INFOPLIST_FILE = YES;
				INFOPLIST_KEY_NSCameraUsageDescription = "Allow camera usage for best experience.";
				INFOPLIST_KEY_NSMicrophoneUsageDescription = "Allow microphone usage for best experience.";
				"INFOPLIST_KEY_UIApplicationSceneManifest_Generation[sdk=iphoneos*]" = YES;
				"INFOPLIST_KEY_UIApplicationSceneManifest_Generation[sdk=iphonesimulator*]" = YES;
				"INFOPLIST_KEY_UIApplicationSupportsIndirectInputEvents[sdk=iphoneos*]" = YES;
				"INFOPLIST_KEY_UIApplicationSupportsIndirectInputEvents[sdk=iphonesimulator*]" = YES;
				"INFOPLIST_KEY_UILaunchScreen_Generation[sdk=iphoneos*]" = YES;
				"INFOPLIST_KEY_UILaunchScreen_Generation[sdk=iphonesimulator*]" = YES;
				"INFOPLIST_KEY_UIStatusBarStyle[sdk=iphoneos*]" = UIStatusBarStyleDefault;
				"INFOPLIST_KEY_UIStatusBarStyle[sdk=iphonesimulator*]" = UIStatusBarStyleDefault;
				INFOPLIST_KEY_UISupportedInterfaceOrientations_iPad = "UIInterfaceOrientationPortrait UIInterfaceOrientationPortraitUpsideDown UIInterfaceOrientationLandscapeLeft UIInterfaceOrientationLandscapeRight";
				INFOPLIST_KEY_UISupportedInterfaceOrientations_iPhone = "UIInterfaceOrientationPortrait UIInterfaceOrientationLandscapeLeft UIInterfaceOrientationLandscapeRight";
				IPHONEOS_DEPLOYMENT_TARGET = 15.0;
				LD_RUNPATH_SEARCH_PATHS = "@executable_path/Frameworks";
				"LD_RUNPATH_SEARCH_PATHS[sdk=macosx*]" = "@executable_path/../Frameworks";
				MACOSX_DEPLOYMENT_TARGET = 13.0;
				MARKETING_VERSION = 1.0;
				PRODUCT_BUNDLE_IDENTIFIER = "com.ghafla.aibo-cora.JointSample";
				PRODUCT_NAME = "$(TARGET_NAME)";
				SDKROOT = auto;
				SUPPORTED_PLATFORMS = "iphoneos iphonesimulator macosx";
				SWIFT_EMIT_LOC_STRINGS = YES;
				SWIFT_VERSION = 5.0;
				TARGETED_DEVICE_FAMILY = "1,2";
			};
			name = Debug;
		};
		DED21FC32948C72700C2A168 /* Release */ = {
			isa = XCBuildConfiguration;
			buildSettings = {
				ASSETCATALOG_COMPILER_APPICON_NAME = AppIcon;
				ASSETCATALOG_COMPILER_GLOBAL_ACCENT_COLOR_NAME = AccentColor;
				CODE_SIGN_ENTITLEMENTS = "joint-sample-streaming/JointSample.entitlements";
				"CODE_SIGN_IDENTITY[sdk=macosx*]" = "Apple Development";
				CODE_SIGN_STYLE = Automatic;
				CURRENT_PROJECT_VERSION = 1;
				DEVELOPMENT_ASSET_PATHS = "\"joint-sample-streaming/Preview Content\"";
				DEVELOPMENT_TEAM = R6F5KHKKNX;
				ENABLE_HARDENED_RUNTIME = YES;
				ENABLE_PREVIEWS = YES;
				GENERATE_INFOPLIST_FILE = YES;
				INFOPLIST_KEY_NSCameraUsageDescription = "Allow camera usage for best experience.";
				INFOPLIST_KEY_NSMicrophoneUsageDescription = "Allow microphone usage for best experience.";
				"INFOPLIST_KEY_UIApplicationSceneManifest_Generation[sdk=iphoneos*]" = YES;
				"INFOPLIST_KEY_UIApplicationSceneManifest_Generation[sdk=iphonesimulator*]" = YES;
				"INFOPLIST_KEY_UIApplicationSupportsIndirectInputEvents[sdk=iphoneos*]" = YES;
				"INFOPLIST_KEY_UIApplicationSupportsIndirectInputEvents[sdk=iphonesimulator*]" = YES;
				"INFOPLIST_KEY_UILaunchScreen_Generation[sdk=iphoneos*]" = YES;
				"INFOPLIST_KEY_UILaunchScreen_Generation[sdk=iphonesimulator*]" = YES;
				"INFOPLIST_KEY_UIStatusBarStyle[sdk=iphoneos*]" = UIStatusBarStyleDefault;
				"INFOPLIST_KEY_UIStatusBarStyle[sdk=iphonesimulator*]" = UIStatusBarStyleDefault;
				INFOPLIST_KEY_UISupportedInterfaceOrientations_iPad = "UIInterfaceOrientationPortrait UIInterfaceOrientationPortraitUpsideDown UIInterfaceOrientationLandscapeLeft UIInterfaceOrientationLandscapeRight";
				INFOPLIST_KEY_UISupportedInterfaceOrientations_iPhone = "UIInterfaceOrientationPortrait UIInterfaceOrientationLandscapeLeft UIInterfaceOrientationLandscapeRight";
				IPHONEOS_DEPLOYMENT_TARGET = 15.0;
				LD_RUNPATH_SEARCH_PATHS = "@executable_path/Frameworks";
				"LD_RUNPATH_SEARCH_PATHS[sdk=macosx*]" = "@executable_path/../Frameworks";
				MACOSX_DEPLOYMENT_TARGET = 13.0;
				MARKETING_VERSION = 1.0;
				PRODUCT_BUNDLE_IDENTIFIER = "com.ghafla.aibo-cora.JointSample";
				PRODUCT_NAME = "$(TARGET_NAME)";
				SDKROOT = auto;
				SUPPORTED_PLATFORMS = "iphoneos iphonesimulator macosx";
				SWIFT_EMIT_LOC_STRINGS = YES;
				SWIFT_VERSION = 5.0;
				TARGETED_DEVICE_FAMILY = "1,2";
			};
			name = Release;
		};
		DED21FC52948C72700C2A168 /* Debug */ = {
			isa = XCBuildConfiguration;
			buildSettings = {
				ALWAYS_EMBED_SWIFT_STANDARD_LIBRARIES = YES;
				BUNDLE_LOADER = "$(TEST_HOST)";
				CODE_SIGN_STYLE = Automatic;
				CURRENT_PROJECT_VERSION = 1;
				DEVELOPMENT_TEAM = R6F5KHKKNX;
				GENERATE_INFOPLIST_FILE = YES;
				IPHONEOS_DEPLOYMENT_TARGET = 16.1;
				MACOSX_DEPLOYMENT_TARGET = 13.0;
				MARKETING_VERSION = 1.0;
				PRODUCT_BUNDLE_IDENTIFIER = "com.ghafla.aibo-cora.JointSampleTests";
				PRODUCT_NAME = "$(TARGET_NAME)";
				SDKROOT = auto;
				SUPPORTED_PLATFORMS = "iphoneos iphonesimulator macosx";
				SWIFT_EMIT_LOC_STRINGS = NO;
				SWIFT_VERSION = 5.0;
				TARGETED_DEVICE_FAMILY = "1,2";
				TEST_HOST = "$(BUILT_PRODUCTS_DIR)/joint-sample-streaming.app/$(BUNDLE_EXECUTABLE_FOLDER_PATH)/joint-sample-streaming";
			};
			name = Debug;
		};
		DED21FC62948C72700C2A168 /* Release */ = {
			isa = XCBuildConfiguration;
			buildSettings = {
				ALWAYS_EMBED_SWIFT_STANDARD_LIBRARIES = YES;
				BUNDLE_LOADER = "$(TEST_HOST)";
				CODE_SIGN_STYLE = Automatic;
				CURRENT_PROJECT_VERSION = 1;
				DEVELOPMENT_TEAM = R6F5KHKKNX;
				GENERATE_INFOPLIST_FILE = YES;
				IPHONEOS_DEPLOYMENT_TARGET = 16.1;
				MACOSX_DEPLOYMENT_TARGET = 13.0;
				MARKETING_VERSION = 1.0;
				PRODUCT_BUNDLE_IDENTIFIER = "com.ghafla.aibo-cora.JointSampleTests";
				PRODUCT_NAME = "$(TARGET_NAME)";
				SDKROOT = auto;
				SUPPORTED_PLATFORMS = "iphoneos iphonesimulator macosx";
				SWIFT_EMIT_LOC_STRINGS = NO;
				SWIFT_VERSION = 5.0;
				TARGETED_DEVICE_FAMILY = "1,2";
				TEST_HOST = "$(BUILT_PRODUCTS_DIR)/joint-sample-streaming.app/$(BUNDLE_EXECUTABLE_FOLDER_PATH)/joint-sample-streaming";
			};
			name = Release;
		};
		DED21FC82948C72700C2A168 /* Debug */ = {
			isa = XCBuildConfiguration;
			buildSettings = {
				ALWAYS_EMBED_SWIFT_STANDARD_LIBRARIES = YES;
				CODE_SIGN_STYLE = Automatic;
				CURRENT_PROJECT_VERSION = 1;
				DEVELOPMENT_TEAM = R6F5KHKKNX;
				GENERATE_INFOPLIST_FILE = YES;
				IPHONEOS_DEPLOYMENT_TARGET = 16.1;
				MACOSX_DEPLOYMENT_TARGET = 13.0;
				MARKETING_VERSION = 1.0;
				PRODUCT_BUNDLE_IDENTIFIER = "com.ghafla.aibo-cora.JointSampleUITests";
				PRODUCT_NAME = "$(TARGET_NAME)";
				SDKROOT = auto;
				SUPPORTED_PLATFORMS = "iphoneos iphonesimulator macosx";
				SWIFT_EMIT_LOC_STRINGS = NO;
				SWIFT_VERSION = 5.0;
				TARGETED_DEVICE_FAMILY = "1,2";
				TEST_TARGET_NAME = JointSample;
			};
			name = Debug;
		};
		DED21FC92948C72700C2A168 /* Release */ = {
			isa = XCBuildConfiguration;
			buildSettings = {
				ALWAYS_EMBED_SWIFT_STANDARD_LIBRARIES = YES;
				CODE_SIGN_STYLE = Automatic;
				CURRENT_PROJECT_VERSION = 1;
				DEVELOPMENT_TEAM = R6F5KHKKNX;
				GENERATE_INFOPLIST_FILE = YES;
				IPHONEOS_DEPLOYMENT_TARGET = 16.1;
				MACOSX_DEPLOYMENT_TARGET = 13.0;
				MARKETING_VERSION = 1.0;
				PRODUCT_BUNDLE_IDENTIFIER = "com.ghafla.aibo-cora.JointSampleUITests";
				PRODUCT_NAME = "$(TARGET_NAME)";
				SDKROOT = auto;
				SUPPORTED_PLATFORMS = "iphoneos iphonesimulator macosx";
				SWIFT_EMIT_LOC_STRINGS = NO;
				SWIFT_VERSION = 5.0;
				TARGETED_DEVICE_FAMILY = "1,2";
				TEST_TARGET_NAME = JointSample;
			};
			name = Release;
		};
/* End XCBuildConfiguration section */

/* Begin XCConfigurationList section */
		DED21F972948C72500C2A168 /* Build configuration list for PBXProject "joint-sample-streaming" */ = {
			isa = XCConfigurationList;
			buildConfigurations = (
				DED21FBF2948C72700C2A168 /* Debug */,
				DED21FC02948C72700C2A168 /* Release */,
			);
			defaultConfigurationIsVisible = 0;
			defaultConfigurationName = Release;
		};
		DED21FC12948C72700C2A168 /* Build configuration list for PBXNativeTarget "joint-sample-streaming" */ = {
			isa = XCConfigurationList;
			buildConfigurations = (
				DED21FC22948C72700C2A168 /* Debug */,
				DED21FC32948C72700C2A168 /* Release */,
			);
			defaultConfigurationIsVisible = 0;
			defaultConfigurationName = Release;
		};
		DED21FC42948C72700C2A168 /* Build configuration list for PBXNativeTarget "joint-sample-streamingTests" */ = {
			isa = XCConfigurationList;
			buildConfigurations = (
				DED21FC52948C72700C2A168 /* Debug */,
				DED21FC62948C72700C2A168 /* Release */,
			);
			defaultConfigurationIsVisible = 0;
			defaultConfigurationName = Release;
		};
		DED21FC72948C72700C2A168 /* Build configuration list for PBXNativeTarget "joint-sample-streamingUITests" */ = {
			isa = XCConfigurationList;
			buildConfigurations = (
				DED21FC82948C72700C2A168 /* Debug */,
				DED21FC92948C72700C2A168 /* Release */,
			);
			defaultConfigurationIsVisible = 0;
			defaultConfigurationName = Release;
		};
/* End XCConfigurationList section */

/* Begin XCRemoteSwiftPackageReference section */
		DE221CB829C645AF00CF53A1 /* XCRemoteSwiftPackageReference "joint-v2" */ = {
			isa = XCRemoteSwiftPackageReference;
			repositoryURL = "git@github.com:aibo-cora/joint-v2.git";
			requirement = {
				kind = upToNextMajorVersion;
				minimumVersion = 0.7.0;
			};
		};
/* End XCRemoteSwiftPackageReference section */

/* Begin XCSwiftPackageProductDependency section */
		DE221CB929C645AF00CF53A1 /* Joint */ = {
			isa = XCSwiftPackageProductDependency;
			package = DE221CB829C645AF00CF53A1 /* XCRemoteSwiftPackageReference "joint-v2" */;
			productName = Joint;
		};
/* End XCSwiftPackageProductDependency section */
	};
	rootObject = DED21F942948C72500C2A168 /* Project object */;
}
